
Microsoft Visual Studio Solution File, Format Version 12.00
# Visual Studio Version 16
VisualStudioVersion = 16.0.31019.35
MinimumVisualStudioVersion = 10.0.40219.1
Project("{FAE04EC0-301F-11D3-BF4B-00C04F79EFBC}") = "JG.Web.Api", "JG.Web.Api.csproj", "{09ED7869-3FC2-4EC7-8038-F91CF799A5B5}"
EndProject
Global
	GlobalSection(SolutionConfigurationPlatforms) = preSolution
		Debug|Any CPU = Debug|Any CPU
		Release|Any CPU = Release|Any CPU
	EndGlobalSection
	GlobalSection(ProjectConfigurationPlatforms) = postSolution
		{09ED7869-3FC2-4EC7-8038-F91CF799A5B5}.Debug|Any CPU.ActiveCfg = Debug|Any CPU
		{09ED7869-3FC2-4EC7-8038-F91CF799A5B5}.Debug|Any CPU.Build.0 = Debug|Any CPU
		{09ED7869-3FC2-4EC7-8038-F91CF799A5B5}.Release|Any CPU.ActiveCfg = Release|Any CPU
		{09ED7869-3FC2-4EC7-8038-F91CF799A5B5}.Release|Any CPU.Build.0 = Release|Any CPU
	EndGlobalSection
	GlobalSection(SolutionProperties) = preSolution
		HideSolutionNode = FALSE
	EndGlobalSection
	GlobalSection(ExtensibilityGlobals) = postSolution
		SolutionGuid = {F614C422-FC02-4DA6-9163-4F8C0160BFBB}
	EndGlobalSection
EndGlobal
